// !$*UTF8*$!
{
	archiveVersion = 1;
	classes = {
	};
	objectVersion = 46;
	objects = {

/* Begin PBXBuildFile section */
		53B1BE4F886BB30BF910DB8A /* libPods.a in Frameworks */ = {isa = PBXBuildFile; fileRef = 57AB8F50EC3A673E02CB18A7 /* libPods.a */; };
		9944AAD71A7847D70073B652 /* main.m in Sources */ = {isa = PBXBuildFile; fileRef = 9944AAD61A7847D70073B652 /* main.m */; };
		9944AADA1A7847D70073B652 /* AppDelegate.m in Sources */ = {isa = PBXBuildFile; fileRef = 9944AAD91A7847D70073B652 /* AppDelegate.m */; };
		9944AADD1A7847D70073B652 /* ViewController.m in Sources */ = {isa = PBXBuildFile; fileRef = 9944AADC1A7847D70073B652 /* ViewController.m */; };
		9944AAE01A7847D70073B652 /* Main.storyboard in Resources */ = {isa = PBXBuildFile; fileRef = 9944AADE1A7847D70073B652 /* Main.storyboard */; };
		9944AAE21A7847D80073B652 /* Images.xcassets in Resources */ = {isa = PBXBuildFile; fileRef = 9944AAE11A7847D80073B652 /* Images.xcassets */; };
		9944AAE51A7847D80073B652 /* LaunchScreen.xib in Resources */ = {isa = PBXBuildFile; fileRef = 9944AAE31A7847D80073B652 /* LaunchScreen.xib */; };
		9944AAF11A7847D80073B652 /* Country_MapTests.m in Sources */ = {isa = PBXBuildFile; fileRef = 9944AAF01A7847D80073B652 /* Country_MapTests.m */; };
		9944AAFF1A784D920073B652 /* CMDataService.m in Sources */ = {isa = PBXBuildFile; fileRef = 9944AAFE1A784D920073B652 /* CMDataService.m */; };
		9944AB041A78554F0073B652 /* Country.m in Sources */ = {isa = PBXBuildFile; fileRef = 9944AB031A78554F0073B652 /* Country.m */; };
/* End PBXBuildFile section */

/* Begin PBXContainerItemProxy section */
		9944AAEB1A7847D80073B652 /* PBXContainerItemProxy */ = {
			isa = PBXContainerItemProxy;
			containerPortal = 9944AAC91A7847D70073B652 /* Project object */;
			proxyType = 1;
			remoteGlobalIDString = 9944AAD01A7847D70073B652;
			remoteInfo = "Country-Map";
		};
/* End PBXContainerItemProxy section */

/* Begin PBXFileReference section */
		57AB8F50EC3A673E02CB18A7 /* libPods.a */ = {isa = PBXFileReference; explicitFileType = archive.ar; includeInIndex = 0; path = libPods.a; sourceTree = BUILT_PRODUCTS_DIR; };
		9944AAD11A7847D70073B652 /* Country-Map.app */ = {isa = PBXFileReference; explicitFileType = wrapper.application; includeInIndex = 0; path = "Country-Map.app"; sourceTree = BUILT_PRODUCTS_DIR; };
		9944AAD51A7847D70073B652 /* Info.plist */ = {isa = PBXFileReference; lastKnownFileType = text.plist.xml; path = Info.plist; sourceTree = "<group>"; };
		9944AAD61A7847D70073B652 /* main.m */ = {isa = PBXFileReference; lastKnownFileType = sourcecode.c.objc; path = main.m; sourceTree = "<group>"; };
		9944AAD81A7847D70073B652 /* AppDelegate.h */ = {isa = PBXFileReference; lastKnownFileType = sourcecode.c.h; path = AppDelegate.h; sourceTree = "<group>"; };
		9944AAD91A7847D70073B652 /* AppDelegate.m */ = {isa = PBXFileReference; lastKnownFileType = sourcecode.c.objc; path = AppDelegate.m; sourceTree = "<group>"; };
		9944AADB1A7847D70073B652 /* ViewController.h */ = {isa = PBXFileReference; lastKnownFileType = sourcecode.c.h; path = ViewController.h; sourceTree = "<group>"; };
		9944AADC1A7847D70073B652 /* ViewController.m */ = {isa = PBXFileReference; lastKnownFileType = sourcecode.c.objc; path = ViewController.m; sourceTree = "<group>"; };
		9944AADF1A7847D70073B652 /* Base */ = {isa = PBXFileReference; lastKnownFileType = file.storyboard; name = Base; path = Base.lproj/Main.storyboard; sourceTree = "<group>"; };
		9944AAE11A7847D80073B652 /* Images.xcassets */ = {isa = PBXFileReference; lastKnownFileType = folder.assetcatalog; path = Images.xcassets; sourceTree = "<group>"; };
		9944AAE41A7847D80073B652 /* Base */ = {isa = PBXFileReference; lastKnownFileType = file.xib; name = Base; path = Base.lproj/LaunchScreen.xib; sourceTree = "<group>"; };
		9944AAEA1A7847D80073B652 /* Country-MapTests.xctest */ = {isa = PBXFileReference; explicitFileType = wrapper.cfbundle; includeInIndex = 0; path = "Country-MapTests.xctest"; sourceTree = BUILT_PRODUCTS_DIR; };
		9944AAEF1A7847D80073B652 /* Info.plist */ = {isa = PBXFileReference; lastKnownFileType = text.plist.xml; path = Info.plist; sourceTree = "<group>"; };
		9944AAF01A7847D80073B652 /* Country_MapTests.m */ = {isa = PBXFileReference; lastKnownFileType = sourcecode.c.objc; path = Country_MapTests.m; sourceTree = "<group>"; };
		9944AAFD1A784D920073B652 /* CMDataService.h */ = {isa = PBXFileReference; fileEncoding = 4; lastKnownFileType = sourcecode.c.h; path = CMDataService.h; sourceTree = "<group>"; };
		9944AAFE1A784D920073B652 /* CMDataService.m */ = {isa = PBXFileReference; fileEncoding = 4; lastKnownFileType = sourcecode.c.objc; path = CMDataService.m; sourceTree = "<group>"; };
		9944AB021A78554F0073B652 /* Country.h */ = {isa = PBXFileReference; fileEncoding = 4; lastKnownFileType = sourcecode.c.h; path = Country.h; sourceTree = "<group>"; };
		9944AB031A78554F0073B652 /* Country.m */ = {isa = PBXFileReference; fileEncoding = 4; lastKnownFileType = sourcecode.c.objc; path = Country.m; sourceTree = "<group>"; };
		9F75A14AB7B9F40E30A70608 /* Pods.release.xcconfig */ = {isa = PBXFileReference; includeInIndex = 1; lastKnownFileType = text.xcconfig; name = Pods.release.xcconfig; path = "Pods/Target Support Files/Pods/Pods.release.xcconfig"; sourceTree = "<group>"; };
		D0F65AF47B71F9643971F32B /* Pods.debug.xcconfig */ = {isa = PBXFileReference; includeInIndex = 1; lastKnownFileType = text.xcconfig; name = Pods.debug.xcconfig; path = "Pods/Target Support Files/Pods/Pods.debug.xcconfig"; sourceTree = "<group>"; };
/* End PBXFileReference section */

/* Begin PBXFrameworksBuildPhase section */
		9944AACE1A7847D70073B652 /* Frameworks */ = {
			isa = PBXFrameworksBuildPhase;
			buildActionMask = 2147483647;
			files = (
				53B1BE4F886BB30BF910DB8A /* libPods.a in Frameworks */,
			);
			runOnlyForDeploymentPostprocessing = 0;
		};
		9944AAE71A7847D80073B652 /* Frameworks */ = {
			isa = PBXFrameworksBuildPhase;
			buildActionMask = 2147483647;
			files = (
			);
			runOnlyForDeploymentPostprocessing = 0;
		};
/* End PBXFrameworksBuildPhase section */

/* Begin PBXGroup section */
		4DFBB1E8BECAA286C25CB1A3 /* Frameworks */ = {
			isa = PBXGroup;
			children = (
				57AB8F50EC3A673E02CB18A7 /* libPods.a */,
			);
			name = Frameworks;
			sourceTree = "<group>";
		};
		9944AAC81A7847D70073B652 = {
			isa = PBXGroup;
			children = (
				9944AAD31A7847D70073B652 /* Country-Map */,
				9944AAED1A7847D80073B652 /* Country-MapTests */,
				9944AAD21A7847D70073B652 /* Products */,
				ACF0E20461A940702E07A389 /* Pods */,
				4DFBB1E8BECAA286C25CB1A3 /* Frameworks */,
			);
			sourceTree = "<group>";
		};
		9944AAD21A7847D70073B652 /* Products */ = {
			isa = PBXGroup;
			children = (
				9944AAD11A7847D70073B652 /* Country-Map.app */,
				9944AAEA1A7847D80073B652 /* Country-MapTests.xctest */,
			);
			name = Products;
			sourceTree = "<group>";
		};
		9944AAD31A7847D70073B652 /* Country-Map */ = {
			isa = PBXGroup;
			children = (
				9944AAFC1A784D2A0073B652 /* API */,
				9944AB011A7855270073B652 /* Models */,
				9944AB001A7855140073B652 /* Views */,
				9944AAFB1A784C5F0073B652 /* App */,
				9944AAFA1A7847F90073B652 /* Controllers */,
				9944AAE11A7847D80073B652 /* Images.xcassets */,
				9944AAD41A7847D70073B652 /* Supporting Files */,
			);
			path = "Country-Map";
			sourceTree = "<group>";
		};
		9944AAD41A7847D70073B652 /* Supporting Files */ = {
			isa = PBXGroup;
			children = (
				9944AAD51A7847D70073B652 /* Info.plist */,
				9944AAD61A7847D70073B652 /* main.m */,
			);
			name = "Supporting Files";
			sourceTree = "<group>";
		};
		9944AAED1A7847D80073B652 /* Country-MapTests */ = {
			isa = PBXGroup;
			children = (
				9944AAF01A7847D80073B652 /* Country_MapTests.m */,
				9944AAEE1A7847D80073B652 /* Supporting Files */,
			);
			path = "Country-MapTests";
			sourceTree = "<group>";
		};
		9944AAEE1A7847D80073B652 /* Supporting Files */ = {
			isa = PBXGroup;
			children = (
				9944AAEF1A7847D80073B652 /* Info.plist */,
			);
			name = "Supporting Files";
			sourceTree = "<group>";
		};
		9944AAFA1A7847F90073B652 /* Controllers */ = {
			isa = PBXGroup;
			children = (
				9944AADB1A7847D70073B652 /* ViewController.h */,
				9944AADC1A7847D70073B652 /* ViewController.m */,
			);
			name = Controllers;
			sourceTree = "<group>";
		};
		9944AAFB1A784C5F0073B652 /* App */ = {
			isa = PBXGroup;
			children = (
				9944AAD81A7847D70073B652 /* AppDelegate.h */,
				9944AAD91A7847D70073B652 /* AppDelegate.m */,
				9944AADE1A7847D70073B652 /* Main.storyboard */,
				9944AAE31A7847D80073B652 /* LaunchScreen.xib */,
			);
			name = App;
			sourceTree = "<group>";
		};
		9944AAFC1A784D2A0073B652 /* API */ = {
			isa = PBXGroup;
			children = (
				9944AAFD1A784D920073B652 /* CMDataService.h */,
				9944AAFE1A784D920073B652 /* CMDataService.m */,
			);
			name = API;
			sourceTree = "<group>";
		};
		9944AB001A7855140073B652 /* Views */ = {
			isa = PBXGroup;
			children = (
			);
			name = Views;
			sourceTree = "<group>";
		};
		9944AB011A7855270073B652 /* Models */ = {
			isa = PBXGroup;
			children = (
				9944AB021A78554F0073B652 /* Country.h */,
				9944AB031A78554F0073B652 /* Country.m */,
			);
			name = Models;
			sourceTree = "<group>";
		};
		ACF0E20461A940702E07A389 /* Pods */ = {
			isa = PBXGroup;
			children = (
				D0F65AF47B71F9643971F32B /* Pods.debug.xcconfig */,
				9F75A14AB7B9F40E30A70608 /* Pods.release.xcconfig */,
			);
			name = Pods;
			sourceTree = "<group>";
		};
/* End PBXGroup section */

/* Begin PBXNativeTarget section */
		9944AAD01A7847D70073B652 /* Country-Map */ = {
			isa = PBXNativeTarget;
			buildConfigurationList = 9944AAF41A7847D80073B652 /* Build configuration list for PBXNativeTarget "Country-Map" */;
			buildPhases = (
				CA233C551143576CAF5A9D60 /* Check Pods Manifest.lock */,
				9944AACD1A7847D70073B652 /* Sources */,
				9944AACE1A7847D70073B652 /* Frameworks */,
				9944AACF1A7847D70073B652 /* Resources */,
				F78E03D487D24589B9A768B9 /* Copy Pods Resources */,
			);
			buildRules = (
			);
			dependencies = (
			);
			name = "Country-Map";
			productName = "Country-Map";
			productReference = 9944AAD11A7847D70073B652 /* Country-Map.app */;
			productType = "com.apple.product-type.application";
		};
		9944AAE91A7847D80073B652 /* Country-MapTests */ = {
			isa = PBXNativeTarget;
			buildConfigurationList = 9944AAF71A7847D80073B652 /* Build configuration list for PBXNativeTarget "Country-MapTests" */;
			buildPhases = (
				9944AAE61A7847D80073B652 /* Sources */,
				9944AAE71A7847D80073B652 /* Frameworks */,
				9944AAE81A7847D80073B652 /* Resources */,
			);
			buildRules = (
			);
			dependencies = (
				9944AAEC1A7847D80073B652 /* PBXTargetDependency */,
			);
			name = "Country-MapTests";
			productName = "Country-MapTests";
			productReference = 9944AAEA1A7847D80073B652 /* Country-MapTests.xctest */;
			productType = "com.apple.product-type.bundle.unit-test";
		};
/* End PBXNativeTarget section */

/* Begin PBXProject section */
		9944AAC91A7847D70073B652 /* Project object */ = {
			isa = PBXProject;
			attributes = {
				LastUpgradeCheck = 0610;
				ORGANIZATIONNAME = "Myriad Mobile, LLC";
				TargetAttributes = {
					9944AAD01A7847D70073B652 = {
						CreatedOnToolsVersion = 6.1.1;
					};
					9944AAE91A7847D80073B652 = {
						CreatedOnToolsVersion = 6.1.1;
						TestTargetID = 9944AAD01A7847D70073B652;
					};
				};
			};
			buildConfigurationList = 9944AACC1A7847D70073B652 /* Build configuration list for PBXProject "Country-Map" */;
			compatibilityVersion = "Xcode 3.2";
			developmentRegion = English;
			hasScannedForEncodings = 0;
			knownRegions = (
				en,
				Base,
			);
			mainGroup = 9944AAC81A7847D70073B652;
			productRefGroup = 9944AAD21A7847D70073B652 /* Products */;
			projectDirPath = "";
			projectRoot = "";
			targets = (
				9944AAD01A7847D70073B652 /* Country-Map */,
				9944AAE91A7847D80073B652 /* Country-MapTests */,
			);
		};
/* End PBXProject section */

/* Begin PBXResourcesBuildPhase section */
		9944AACF1A7847D70073B652 /* Resources */ = {
			isa = PBXResourcesBuildPhase;
			buildActionMask = 2147483647;
			files = (
				9944AAE01A7847D70073B652 /* Main.storyboard in Resources */,
				9944AAE51A7847D80073B652 /* LaunchScreen.xib in Resources */,
				9944AAE21A7847D80073B652 /* Images.xcassets in Resources */,
			);
			runOnlyForDeploymentPostprocessing = 0;
		};
		9944AAE81A7847D80073B652 /* Resources */ = {
			isa = PBXResourcesBuildPhase;
			buildActionMask = 2147483647;
			files = (
			);
			runOnlyForDeploymentPostprocessing = 0;
		};
/* End PBXResourcesBuildPhase section */

/* Begin PBXShellScriptBuildPhase section */
		CA233C551143576CAF5A9D60 /* Check Pods Manifest.lock */ = {
			isa = PBXShellScriptBuildPhase;
			buildActionMask = 2147483647;
			files = (
			);
			inputPaths = (
			);
			name = "Check Pods Manifest.lock";
			outputPaths = (
			);
			runOnlyForDeploymentPostprocessing = 0;
			shellPath = /bin/sh;
			shellScript = "diff \"${PODS_ROOT}/../Podfile.lock\" \"${PODS_ROOT}/Manifest.lock\" > /dev/null\nif [[ $? != 0 ]] ; then\n    cat << EOM\nerror: The sandbox is not in sync with the Podfile.lock. Run 'pod install' or update your CocoaPods installation.\nEOM\n    exit 1\nfi\n";
			showEnvVarsInLog = 0;
		};
		F78E03D487D24589B9A768B9 /* Copy Pods Resources */ = {
			isa = PBXShellScriptBuildPhase;
			buildActionMask = 2147483647;
			files = (
			);
			inputPaths = (
			);
			name = "Copy Pods Resources";
			outputPaths = (
			);
			runOnlyForDeploymentPostprocessing = 0;
			shellPath = /bin/sh;
			shellScript = "\"${SRCROOT}/Pods/Target Support Files/Pods/Pods-resources.sh\"\n";
			showEnvVarsInLog = 0;
		};
/* End PBXShellScriptBuildPhase section */

/* Begin PBXSourcesBuildPhase section */
		9944AACD1A7847D70073B652 /* Sources */ = {
			isa = PBXSourcesBuildPhase;
			buildActionMask = 2147483647;
			files = (
				9944AADD1A7847D70073B652 /* ViewController.m in Sources */,
				9944AAFF1A784D920073B652 /* CMDataService.m in Sources */,
				9944AADA1A7847D70073B652 /* AppDelegate.m in Sources */,
				9944AAD71A7847D70073B652 /* main.m in Sources */,
				9944AB041A78554F0073B652 /* Country.m in Sources */,
			);
			runOnlyForDeploymentPostprocessing = 0;
		};
		9944AAE61A7847D80073B652 /* Sources */ = {
			isa = PBXSourcesBuildPhase;
			buildActionMask = 2147483647;
			files = (
				9944AAF11A7847D80073B652 /* Country_MapTests.m in Sources */,
			);
			runOnlyForDeploymentPostprocessing = 0;
		};
/* End PBXSourcesBuildPhase section */

/* Begin PBXTargetDependency section */
		9944AAEC1A7847D80073B652 /* PBXTargetDependency */ = {
			isa = PBXTargetDependency;
			target = 9944AAD01A7847D70073B652 /* Country-Map */;
			targetProxy = 9944AAEB1A7847D80073B652 /* PBXContainerItemProxy */;
		};
/* End PBXTargetDependency section */

/* Begin PBXVariantGroup section */
		9944AADE1A7847D70073B652 /* Main.storyboard */ = {
			isa = PBXVariantGroup;
			children = (
				9944AADF1A7847D70073B652 /* Base */,
			);
			name = Main.storyboard;
			sourceTree = "<group>";
		};
		9944AAE31A7847D80073B652 /* LaunchScreen.xib */ = {
			isa = PBXVariantGroup;
			children = (
				9944AAE41A7847D80073B652 /* Base */,
			);
			name = LaunchScreen.xib;
			sourceTree = "<group>";
		};
/* End PBXVariantGroup section */

/* Begin XCBuildConfiguration section */
		9944AAF21A7847D80073B652 /* Debug */ = {
			isa = XCBuildConfiguration;
			buildSettings = {
				ALWAYS_SEARCH_USER_PATHS = NO;
				CLANG_CXX_LANGUAGE_STANDARD = "gnu++0x";
				CLANG_CXX_LIBRARY = "libc++";
				CLANG_ENABLE_MODULES = YES;
				CLANG_ENABLE_OBJC_ARC = YES;
				CLANG_WARN_BOOL_CONVERSION = YES;
				CLANG_WARN_CONSTANT_CONVERSION = YES;
				CLANG_WARN_DIRECT_OBJC_ISA_USAGE = YES_ERROR;
				CLANG_WARN_EMPTY_BODY = YES;
				CLANG_WARN_ENUM_CONVERSION = YES;
				CLANG_WARN_INT_CONVERSION = YES;
				CLANG_WARN_OBJC_ROOT_CLASS = YES_ERROR;
				CLANG_WARN_UNREACHABLE_CODE = YES;
				CLANG_WARN__DUPLICATE_METHOD_MATCH = YES;
				"CODE_SIGN_IDENTITY[sdk=iphoneos*]" = "iPhone Developer";
				COPY_PHASE_STRIP = NO;
				ENABLE_STRICT_OBJC_MSGSEND = YES;
				GCC_C_LANGUAGE_STANDARD = gnu99;
				GCC_DYNAMIC_NO_PIC = NO;
				GCC_OPTIMIZATION_LEVEL = 0;
				GCC_PREPROCESSOR_DEFINITIONS = (
					"DEBUG=1",
					"$(inherited)",
				);
				GCC_SYMBOLS_PRIVATE_EXTERN = NO;
				GCC_WARN_64_TO_32_BIT_CONVERSION = YES;
				GCC_WARN_ABOUT_RETURN_TYPE = YES_ERROR;
				GCC_WARN_UNDECLARED_SELECTOR = YES;
				GCC_WARN_UNINITIALIZED_AUTOS = YES_AGGRESSIVE;
				GCC_WARN_UNUSED_FUNCTION = YES;
				GCC_WARN_UNUSED_VARIABLE = YES;
				IPHONEOS_DEPLOYMENT_TARGET = 8.1;
				MTL_ENABLE_DEBUG_INFO = YES;
				ONLY_ACTIVE_ARCH = YES;
				SDKROOT = iphoneos;
			};
			name = Debug;
		};
		9944AAF31A7847D80073B652 /* Release */ = {
			isa = XCBuildConfiguration;
			buildSettings = {
				ALWAYS_SEARCH_USER_PATHS = NO;
				CLANG_CXX_LANGUAGE_STANDARD = "gnu++0x";
				CLANG_CXX_LIBRARY = "libc++";
				CLANG_ENABLE_MODULES = YES;
				CLANG_ENABLE_OBJC_ARC = YES;
				CLANG_WARN_BOOL_CONVERSION = YES;
				CLANG_WARN_CONSTANT_CONVERSION = YES;
				CLANG_WARN_DIRECT_OBJC_ISA_USAGE = YES_ERROR;
				CLANG_WARN_EMPTY_BODY = YES;
				CLANG_WARN_ENUM_CONVERSION = YES;
				CLANG_WARN_INT_CONVERSION = YES;
				CLANG_WARN_OBJC_ROOT_CLASS = YES_ERROR;
				CLANG_WARN_UNREACHABLE_CODE = YES;
				CLANG_WARN__DUPLICATE_METHOD_MATCH = YES;
				"CODE_SIGN_IDENTITY[sdk=iphoneos*]" = "iPhone Developer";
				COPY_PHASE_STRIP = YES;
				ENABLE_NS_ASSERTIONS = NO;
				ENABLE_STRICT_OBJC_MSGSEND = YES;
				GCC_C_LANGUAGE_STANDARD = gnu99;
				GCC_WARN_64_TO_32_BIT_CONVERSION = YES;
				GCC_WARN_ABOUT_RETURN_TYPE = YES_ERROR;
				GCC_WARN_UNDECLARED_SELECTOR = YES;
				GCC_WARN_UNINITIALIZED_AUTOS = YES_AGGRESSIVE;
				GCC_WARN_UNUSED_FUNCTION = YES;
				GCC_WARN_UNUSED_VARIABLE = YES;
				IPHONEOS_DEPLOYMENT_TARGET = 8.1;
				MTL_ENABLE_DEBUG_INFO = NO;
				SDKROOT = iphoneos;
				VALIDATE_PRODUCT = YES;
			};
			name = Release;
		};
		9944AAF51A7847D80073B652 /* Debug */ = {
			isa = XCBuildConfiguration;
			baseConfigurationReference = D0F65AF47B71F9643971F32B /* Pods.debug.xcconfig */;
			buildSettings = {
				ASSETCATALOG_COMPILER_APPICON_NAME = AppIcon;
				INFOPLIST_FILE = "Country-Map/Info.plist";
				LD_RUNPATH_SEARCH_PATHS = "$(inherited) @executable_path/Frameworks";
				PRODUCT_NAME = "$(TARGET_NAME)";
			};
			name = Debug;
		};
		9944AAF61A7847D80073B652 /* Release */ = {
			isa = XCBuildConfiguration;
			baseConfigurationReference = 9F75A14AB7B9F40E30A70608 /* Pods.release.xcconfig */;
			buildSettings = {
				ASSETCATALOG_COMPILER_APPICON_NAME = AppIcon;
				INFOPLIST_FILE = "Country-Map/Info.plist";
				LD_RUNPATH_SEARCH_PATHS = "$(inherited) @executable_path/Frameworks";
				PRODUCT_NAME = "$(TARGET_NAME)";
			};
			name = Release;
		};
		9944AAF81A7847D80073B652 /* Debug */ = {
			isa = XCBuildConfiguration;
			buildSettings = {
				BUNDLE_LOADER = "$(TEST_HOST)";
				FRAMEWORK_SEARCH_PATHS = (
					"$(SDKROOT)/Developer/Library/Frameworks",
					"$(inherited)",
				);
				GCC_PREPROCESSOR_DEFINITIONS = (
					"DEBUG=1",
					"$(inherited)",
				);
				INFOPLIST_FILE = "Country-MapTests/Info.plist";
				LD_RUNPATH_SEARCH_PATHS = "$(inherited) @executable_path/Frameworks @loader_path/Frameworks";
				PRODUCT_NAME = "$(TARGET_NAME)";
				TEST_HOST = "$(BUILT_PRODUCTS_DIR)/Country-Map.app/Country-Map";
			};
			name = Debug;
		};
		9944AAF91A7847D80073B652 /* Release */ = {
			isa = XCBuildConfiguration;
			buildSettings = {
				BUNDLE_LOADER = "$(TEST_HOST)";
				FRAMEWORK_SEARCH_PATHS = (
					"$(SDKROOT)/Developer/Library/Frameworks",
					"$(inherited)",
				);
				INFOPLIST_FILE = "Country-MapTests/Info.plist";
				LD_RUNPATH_SEARCH_PATHS = "$(inherited) @executable_path/Frameworks @loader_path/Frameworks";
				PRODUCT_NAME = "$(TARGET_NAME)";
				TEST_HOST = "$(BUILT_PRODUCTS_DIR)/Country-Map.app/Country-Map";
			};
			name = Release;
		};
/* End XCBuildConfiguration section */

/* Begin XCConfigurationList section */
		9944AACC1A7847D70073B652 /* Build configuration list for PBXProject "Country-Map" */ = {
			isa = XCConfigurationList;
			buildConfigurations = (
				9944AAF21A7847D80073B652 /* Debug */,
				9944AAF31A7847D80073B652 /* Release */,
			);
			defaultConfigurationIsVisible = 0;
			defaultConfigurationName = Release;
		};
		9944AAF41A7847D80073B652 /* Build configuration list for PBXNativeTarget "Country-Map" */ = {
			isa = XCConfigurationList;
			buildConfigurations = (
				9944AAF51A7847D80073B652 /* Debug */,
				9944AAF61A7847D80073B652 /* Release */,
			);
			defaultConfigurationIsVisible = 0;
			defaultConfigurationName = Release;
		};
		9944AAF71A7847D80073B652 /* Build configuration list for PBXNativeTarget "Country-MapTests" */ = {
			isa = XCConfigurationList;
			buildConfigurations = (
				9944AAF81A7847D80073B652 /* Debug */,
				9944AAF91A7847D80073B652 /* Release */,
			);
			defaultConfigurationIsVisible = 0;
			defaultConfigurationName = Release;
		};
/* End XCConfigurationList section */
	};
	rootObject = 9944AAC91A7847D70073B652 /* Project object */;
}
